
Microsoft Visual Studio Solution File, Format Version 12.00
# Visual Studio Version 16
VisualStudioVersion = 16.0.31911.196
MinimumVisualStudioVersion = 10.0.40219.1
Project("{9A19103F-16F7-4668-BE54-9A1E7A4F7556}") = "Web_API", "Web_API.csproj", "{34C8EBFC-920E-456D-BB46-8CC80D702426}"
EndProject
Project("{FAE04EC0-301F-11D3-BF4B-00C04F79EFBC}") = "Business_logic", "..\Business-logic\Business_logic.csproj", "{530807CC-D082-479B-AAC8-0405227DEEE4}"
EndProject
Project("{FAE04EC0-301F-11D3-BF4B-00C04F79EFBC}") = "Data_access", "..\Data_access\Data_access.csproj", "{64B84099-E7E2-4B9A-851B-8A12D7B4D853}"
EndProject
Global
	GlobalSection(SolutionConfigurationPlatforms) = preSolution
		Debug|Any CPU = Debug|Any CPU
		Release|Any CPU = Release|Any CPU
	EndGlobalSection
	GlobalSection(ProjectConfigurationPlatforms) = postSolution
		{34C8EBFC-920E-456D-BB46-8CC80D702426}.Debug|Any CPU.ActiveCfg = Debug|Any CPU
		{34C8EBFC-920E-456D-BB46-8CC80D702426}.Debug|Any CPU.Build.0 = Debug|Any CPU
		{34C8EBFC-920E-456D-BB46-8CC80D702426}.Release|Any CPU.ActiveCfg = Release|Any CPU
		{34C8EBFC-920E-456D-BB46-8CC80D702426}.Release|Any CPU.Build.0 = Release|Any CPU
		{530807CC-D082-479B-AAC8-0405227DEEE4}.Debug|Any CPU.ActiveCfg = Debug|Any CPU
		{530807CC-D082-479B-AAC8-0405227DEEE4}.Debug|Any CPU.Build.0 = Debug|Any CPU
		{530807CC-D082-479B-AAC8-0405227DEEE4}.Release|Any CPU.ActiveCfg = Release|Any CPU
		{530807CC-D082-479B-AAC8-0405227DEEE4}.Release|Any CPU.Build.0 = Release|Any CPU
		{64B84099-E7E2-4B9A-851B-8A12D7B4D853}.Debug|Any CPU.ActiveCfg = Debug|Any CPU
		{64B84099-E7E2-4B9A-851B-8A12D7B4D853}.Debug|Any CPU.Build.0 = Debug|Any CPU
		{64B84099-E7E2-4B9A-851B-8A12D7B4D853}.Release|Any CPU.ActiveCfg = Release|Any CPU
		{64B84099-E7E2-4B9A-851B-8A12D7B4D853}.Release|Any CPU.Build.0 = Release|Any CPU
	EndGlobalSection
	GlobalSection(SolutionProperties) = preSolution
		HideSolutionNode = FALSE
	EndGlobalSection
	GlobalSection(ExtensibilityGlobals) = postSolution
		SolutionGuid = {1408F390-840F-41CD-B130-45546452704D}
	EndGlobalSection
EndGlobal
