
Microsoft Visual Studio Solution File, Format Version 12.00
# Visual Studio Version 16
VisualStudioVersion = 16.0.31911.196
MinimumVisualStudioVersion = 10.0.40219.1
Project("{FAE04EC0-301F-11D3-BF4B-00C04F79EFBC}") = "WordOfTheDay", "WordOfTheDay.csproj", "{34C8EBFC-920E-456D-BB46-8CC80D702426}"
EndProject
Global
	GlobalSection(SolutionConfigurationPlatforms) = preSolution
		Debug|Any CPU = Debug|Any CPU
		Release|Any CPU = Release|Any CPU
	EndGlobalSection
	GlobalSection(ProjectConfigurationPlatforms) = postSolution
		{34C8EBFC-920E-456D-BB46-8CC80D702426}.Debug|Any CPU.ActiveCfg = Debug|Any CPU
		{34C8EBFC-920E-456D-BB46-8CC80D702426}.Debug|Any CPU.Build.0 = Debug|Any CPU
		{34C8EBFC-920E-456D-BB46-8CC80D702426}.Release|Any CPU.ActiveCfg = Release|Any CPU
		{34C8EBFC-920E-456D-BB46-8CC80D702426}.Release|Any CPU.Build.0 = Release|Any CPU
	EndGlobalSection
	GlobalSection(SolutionProperties) = preSolution
		HideSolutionNode = FALSE
	EndGlobalSection
	GlobalSection(ExtensibilityGlobals) = postSolution
		SolutionGuid = {1408F390-840F-41CD-B130-45546452704D}
	EndGlobalSection
EndGlobal
